{
  "name": "asa",
  "lockfileVersion": 2,
  "requires": true,
  "packages": {
    "": {
      "dependencies": {
        "@emurgo/cardano-serialization-lib-browser": "^11.1.0"
      }
    },
    "node_modules/@emurgo/cardano-serialization-lib-browser": {
      "version": "11.1.0",
      "resolved": "https://registry.npmjs.org/@emurgo/cardano-serialization-lib-browser/-/cardano-serialization-lib-browser-11.1.0.tgz",
      "integrity": "sha512-p1q3owF93myyUjsZGMM6xcNXg8r+XV5VEUIe9ZxHalAGOef3uXZW6zbuqy5BIx5geFpcvV7lxv1y6bQNYVcS3w=="
    }
  },
  "dependencies": {
    "@emurgo/cardano-serialization-lib-browser": {
      "version": "11.1.0",
      "resolved": "https://registry.npmjs.org/@emurgo/cardano-serialization-lib-browser/-/cardano-serialization-lib-browser-11.1.0.tgz",
      "integrity": "sha512-p1q3owF93myyUjsZGMM6xcNXg8r+XV5VEUIe9ZxHalAGOef3uXZW6zbuqy5BIx5geFpcvV7lxv1y6bQNYVcS3w=="
    }
  }
}
